// !$*UTF8*$!
{
	archiveVersion = 1;
	classes = {
	};
	objectVersion = 56;
	objects = {

/* Begin PBXBuildFile section */
		F56A6250293BEBC3009DB1CA /* MovieFindApp.swift in Sources */ = {isa = PBXBuildFile; fileRef = F56A624F293BEBC3009DB1CA /* MovieFindApp.swift */; };
		F56A6252293BEBC3009DB1CA /* ContentView.swift in Sources */ = {isa = PBXBuildFile; fileRef = F56A6251293BEBC3009DB1CA /* ContentView.swift */; };
		F56A6254293BEBC7009DB1CA /* Assets.xcassets in Resources */ = {isa = PBXBuildFile; fileRef = F56A6253293BEBC7009DB1CA /* Assets.xcassets */; };
		F56A6257293BEBC7009DB1CA /* Preview Assets.xcassets in Resources */ = {isa = PBXBuildFile; fileRef = F56A6256293BEBC7009DB1CA /* Preview Assets.xcassets */; };
		F56A625E293BF2D8009DB1CA /* Movie.swift in Sources */ = {isa = PBXBuildFile; fileRef = F56A625D293BF2D8009DB1CA /* Movie.swift */; };
		F56A6260293BF820009DB1CA /* ListViewModel.swift in Sources */ = {isa = PBXBuildFile; fileRef = F56A625F293BF820009DB1CA /* ListViewModel.swift */; };
		F58AD3452941558000570EEE /* MovieDetailView.swift in Sources */ = {isa = PBXBuildFile; fileRef = F58AD3442941558000570EEE /* MovieDetailView.swift */; };
		F58AD3472941582B00570EEE /* DetailViewModel.swift in Sources */ = {isa = PBXBuildFile; fileRef = F58AD3462941582B00570EEE /* DetailViewModel.swift */; };
/* End PBXBuildFile section */

/* Begin PBXFileReference section */
		F546E3AA2942BBAB00BA4707 /* Info.plist */ = {isa = PBXFileReference; lastKnownFileType = text.plist; path = Info.plist; sourceTree = "<group>"; };
		F56A624C293BEBC3009DB1CA /* MovieFind.app */ = {isa = PBXFileReference; explicitFileType = wrapper.application; includeInIndex = 0; path = MovieFind.app; sourceTree = BUILT_PRODUCTS_DIR; };
		F56A624F293BEBC3009DB1CA /* MovieFindApp.swift */ = {isa = PBXFileReference; lastKnownFileType = sourcecode.swift; path = MovieFindApp.swift; sourceTree = "<group>"; };
		F56A6251293BEBC3009DB1CA /* ContentView.swift */ = {isa = PBXFileReference; lastKnownFileType = sourcecode.swift; path = ContentView.swift; sourceTree = "<group>"; };
		F56A6253293BEBC7009DB1CA /* Assets.xcassets */ = {isa = PBXFileReference; lastKnownFileType = folder.assetcatalog; path = Assets.xcassets; sourceTree = "<group>"; };
		F56A6256293BEBC7009DB1CA /* Preview Assets.xcassets */ = {isa = PBXFileReference; lastKnownFileType = folder.assetcatalog; path = "Preview Assets.xcassets"; sourceTree = "<group>"; };
		F56A625D293BF2D8009DB1CA /* Movie.swift */ = {isa = PBXFileReference; lastKnownFileType = sourcecode.swift; path = Movie.swift; sourceTree = "<group>"; };
		F56A625F293BF820009DB1CA /* ListViewModel.swift */ = {isa = PBXFileReference; lastKnownFileType = sourcecode.swift; path = ListViewModel.swift; sourceTree = "<group>"; };
		F58AD3442941558000570EEE /* MovieDetailView.swift */ = {isa = PBXFileReference; lastKnownFileType = sourcecode.swift; path = MovieDetailView.swift; sourceTree = "<group>"; };
		F58AD3462941582B00570EEE /* DetailViewModel.swift */ = {isa = PBXFileReference; lastKnownFileType = sourcecode.swift; path = DetailViewModel.swift; sourceTree = "<group>"; };
/* End PBXFileReference section */

/* Begin PBXFrameworksBuildPhase section */
		F56A6249293BEBC3009DB1CA /* Frameworks */ = {
			isa = PBXFrameworksBuildPhase;
			buildActionMask = 2147483647;
			files = (
			);
			runOnlyForDeploymentPostprocessing = 0;
		};
/* End PBXFrameworksBuildPhase section */

/* Begin PBXGroup section */
		F56A6243293BEBC3009DB1CA = {
			isa = PBXGroup;
			children = (
				F56A624E293BEBC3009DB1CA /* MovieFind */,
				F56A624D293BEBC3009DB1CA /* Products */,
			);
			sourceTree = "<group>";
		};
		F56A624D293BEBC3009DB1CA /* Products */ = {
			isa = PBXGroup;
			children = (
				F56A624C293BEBC3009DB1CA /* MovieFind.app */,
			);
			name = Products;
			sourceTree = "<group>";
		};
		F56A624E293BEBC3009DB1CA /* MovieFind */ = {
			isa = PBXGroup;
			children = (
				F546E3AA2942BBAB00BA4707 /* Info.plist */,
				F56A624F293BEBC3009DB1CA /* MovieFindApp.swift */,
				F56A625D293BF2D8009DB1CA /* Movie.swift */,
				F56A625F293BF820009DB1CA /* ListViewModel.swift */,
				F58AD3462941582B00570EEE /* DetailViewModel.swift */,
				F56A6251293BEBC3009DB1CA /* ContentView.swift */,
				F58AD3442941558000570EEE /* MovieDetailView.swift */,
				F56A6253293BEBC7009DB1CA /* Assets.xcassets */,
				F56A6255293BEBC7009DB1CA /* Preview Content */,
			);
			path = MovieFind;
			sourceTree = "<group>";
		};
		F56A6255293BEBC7009DB1CA /* Preview Content */ = {
			isa = PBXGroup;
			children = (
				F56A6256293BEBC7009DB1CA /* Preview Assets.xcassets */,
			);
			path = "Preview Content";
			sourceTree = "<group>";
		};
/* End PBXGroup section */

/* Begin PBXNativeTarget section */
		F56A624B293BEBC3009DB1CA /* MovieFind */ = {
			isa = PBXNativeTarget;
			buildConfigurationList = F56A625A293BEBC7009DB1CA /* Build configuration list for PBXNativeTarget "MovieFind" */;
			buildPhases = (
				F56A6248293BEBC3009DB1CA /* Sources */,
				F56A6249293BEBC3009DB1CA /* Frameworks */,
				F56A624A293BEBC3009DB1CA /* Resources */,
			);
			buildRules = (
			);
			dependencies = (
			);
			name = MovieFind;
			productName = MovieFind;
			productReference = F56A624C293BEBC3009DB1CA /* MovieFind.app */;
			productType = "com.apple.product-type.application";
		};
/* End PBXNativeTarget section */

/* Begin PBXProject section */
		F56A6244293BEBC3009DB1CA /* Project object */ = {
			isa = PBXProject;
			attributes = {
				BuildIndependentTargetsInParallel = 1;
				LastSwiftUpdateCheck = 1400;
				LastUpgradeCheck = 1400;
				TargetAttributes = {
					F56A624B293BEBC3009DB1CA = {
						CreatedOnToolsVersion = 14.0;
					};
				};
			};
			buildConfigurationList = F56A6247293BEBC3009DB1CA /* Build configuration list for PBXProject "MovieFind" */;
			compatibilityVersion = "Xcode 14.0";
			developmentRegion = en;
			hasScannedForEncodings = 0;
			knownRegions = (
				en,
				Base,
			);
			mainGroup = F56A6243293BEBC3009DB1CA;
			productRefGroup = F56A624D293BEBC3009DB1CA /* Products */;
			projectDirPath = "";
			projectRoot = "";
			targets = (
				F56A624B293BEBC3009DB1CA /* MovieFind */,
			);
		};
/* End PBXProject section */

/* Begin PBXResourcesBuildPhase section */
		F56A624A293BEBC3009DB1CA /* Resources */ = {
			isa = PBXResourcesBuildPhase;
			buildActionMask = 2147483647;
			files = (
				F56A6257293BEBC7009DB1CA /* Preview Assets.xcassets in Resources */,
				F56A6254293BEBC7009DB1CA /* Assets.xcassets in Resources */,
			);
			runOnlyForDeploymentPostprocessing = 0;
		};
/* End PBXResourcesBuildPhase section */

/* Begin PBXSourcesBuildPhase section */
		F56A6248293BEBC3009DB1CA /* Sources */ = {
			isa = PBXSourcesBuildPhase;
			buildActionMask = 2147483647;
			files = (
				F58AD3452941558000570EEE /* MovieDetailView.swift in Sources */,
				F58AD3472941582B00570EEE /* DetailViewModel.swift in Sources */,
				F56A6252293BEBC3009DB1CA /* ContentView.swift in Sources */,
				F56A6250293BEBC3009DB1CA /* MovieFindApp.swift in Sources */,
				F56A6260293BF820009DB1CA /* ListViewModel.swift in Sources */,
				F56A625E293BF2D8009DB1CA /* Movie.swift in Sources */,
			);
			runOnlyForDeploymentPostprocessing = 0;
		};
/* End PBXSourcesBuildPhase section */

/* Begin XCBuildConfiguration section */
		F56A6258293BEBC7009DB1CA /* Debug */ = {
			isa = XCBuildConfiguration;
			buildSettings = {
				ALWAYS_SEARCH_USER_PATHS = NO;
				CLANG_ANALYZER_NONNULL = YES;
				CLANG_ANALYZER_NUMBER_OBJECT_CONVERSION = YES_AGGRESSIVE;
				CLANG_CXX_LANGUAGE_STANDARD = "gnu++20";
				CLANG_ENABLE_MODULES = YES;
				CLANG_ENABLE_OBJC_ARC = YES;
				CLANG_ENABLE_OBJC_WEAK = YES;
				CLANG_WARN_BLOCK_CAPTURE_AUTORELEASING = YES;
				CLANG_WARN_BOOL_CONVERSION = YES;
				CLANG_WARN_COMMA = YES;
				CLANG_WARN_CONSTANT_CONVERSION = YES;
				CLANG_WARN_DEPRECATED_OBJC_IMPLEMENTATIONS = YES;
				CLANG_WARN_DIRECT_OBJC_ISA_USAGE = YES_ERROR;
				CLANG_WARN_DOCUMENTATION_COMMENTS = YES;
				CLANG_WARN_EMPTY_BODY = YES;
				CLANG_WARN_ENUM_CONVERSION = YES;
				CLANG_WARN_INFINITE_RECURSION = YES;
				CLANG_WARN_INT_CONVERSION = YES;
				CLANG_WARN_NON_LITERAL_NULL_CONVERSION = YES;
				CLANG_WARN_OBJC_IMPLICIT_RETAIN_SELF = YES;
				CLANG_WARN_OBJC_LITERAL_CONVERSION = YES;
				CLANG_WARN_OBJC_ROOT_CLASS = YES_ERROR;
				CLANG_WARN_QUOTED_INCLUDE_IN_FRAMEWORK_HEADER = YES;
				CLANG_WARN_RANGE_LOOP_ANALYSIS = YES;
				CLANG_WARN_STRICT_PROTOTYPES = YES;
				CLANG_WARN_SUSPICIOUS_MOVE = YES;
				CLANG_WARN_UNGUARDED_AVAILABILITY = YES_AGGRESSIVE;
				CLANG_WARN_UNREACHABLE_CODE = YES;
				CLANG_WARN__DUPLICATE_METHOD_MATCH = YES;
				COPY_PHASE_STRIP = NO;
				DEBUG_INFORMATION_FORMAT = dwarf;
				ENABLE_STRICT_OBJC_MSGSEND = YES;
				ENABLE_TESTABILITY = YES;
				GCC_C_LANGUAGE_STANDARD = gnu11;
				GCC_DYNAMIC_NO_PIC = NO;
				GCC_NO_COMMON_BLOCKS = YES;
				GCC_OPTIMIZATION_LEVEL = 0;
				GCC_PREPROCESSOR_DEFINITIONS = (
					"DEBUG=1",
					"$(inherited)",
				);
				GCC_WARN_64_TO_32_BIT_CONVERSION = YES;
				GCC_WARN_ABOUT_RETURN_TYPE = YES_ERROR;
				GCC_WARN_UNDECLARED_SELECTOR = YES;
				GCC_WARN_UNINITIALIZED_AUTOS = YES_AGGRESSIVE;
				GCC_WARN_UNUSED_FUNCTION = YES;
				GCC_WARN_UNUSED_VARIABLE = YES;
				IPHONEOS_DEPLOYMENT_TARGET = 16.0;
				MTL_ENABLE_DEBUG_INFO = INCLUDE_SOURCE;
				MTL_FAST_MATH = YES;
				ONLY_ACTIVE_ARCH = YES;
				SDKROOT = iphoneos;
				SWIFT_ACTIVE_COMPILATION_CONDITIONS = DEBUG;
				SWIFT_OPTIMIZATION_LEVEL = "-Onone";
			};
			name = Debug;
		};
		F56A6259293BEBC7009DB1CA /* Release */ = {
			isa = XCBuildConfiguration;
			buildSettings = {
				ALWAYS_SEARCH_USER_PATHS = NO;
				CLANG_ANALYZER_NONNULL = YES;
				CLANG_ANALYZER_NUMBER_OBJECT_CONVERSION = YES_AGGRESSIVE;
				CLANG_CXX_LANGUAGE_STANDARD = "gnu++20";
				CLANG_ENABLE_MODULES = YES;
				CLANG_ENABLE_OBJC_ARC = YES;
				CLANG_ENABLE_OBJC_WEAK = YES;
				CLANG_WARN_BLOCK_CAPTURE_AUTORELEASING = YES;
				CLANG_WARN_BOOL_CONVERSION = YES;
				CLANG_WARN_COMMA = YES;
				CLANG_WARN_CONSTANT_CONVERSION = YES;
				CLANG_WARN_DEPRECATED_OBJC_IMPLEMENTATIONS = YES;
				CLANG_WARN_DIRECT_OBJC_ISA_USAGE = YES_ERROR;
				CLANG_WARN_DOCUMENTATION_COMMENTS = YES;
				CLANG_WARN_EMPTY_BODY = YES;
				CLANG_WARN_ENUM_CONVERSION = YES;
				CLANG_WARN_INFINITE_RECURSION = YES;
				CLANG_WARN_INT_CONVERSION = YES;
				CLANG_WARN_NON_LITERAL_NULL_CONVERSION = YES;
				CLANG_WARN_OBJC_IMPLICIT_RETAIN_SELF = YES;
				CLANG_WARN_OBJC_LITERAL_CONVERSION = YES;
				CLANG_WARN_OBJC_ROOT_CLASS = YES_ERROR;
				CLANG_WARN_QUOTED_INCLUDE_IN_FRAMEWORK_HEADER = YES;
				CLANG_WARN_RANGE_LOOP_ANALYSIS = YES;
				CLANG_WARN_STRICT_PROTOTYPES = YES;
				CLANG_WARN_SUSPICIOUS_MOVE = YES;
				CLANG_WARN_UNGUARDED_AVAILABILITY = YES_AGGRESSIVE;
				CLANG_WARN_UNREACHABLE_CODE = YES;
				CLANG_WARN__DUPLICATE_METHOD_MATCH = YES;
				COPY_PHASE_STRIP = NO;
				DEBUG_INFORMATION_FORMAT = "dwarf-with-dsym";
				ENABLE_NS_ASSERTIONS = NO;
				ENABLE_STRICT_OBJC_MSGSEND = YES;
				GCC_C_LANGUAGE_STANDARD = gnu11;
				GCC_NO_COMMON_BLOCKS = YES;
				GCC_WARN_64_TO_32_BIT_CONVERSION = YES;
				GCC_WARN_ABOUT_RETURN_TYPE = YES_ERROR;
				GCC_WARN_UNDECLARED_SELECTOR = YES;
				GCC_WARN_UNINITIALIZED_AUTOS = YES_AGGRESSIVE;
				GCC_WARN_UNUSED_FUNCTION = YES;
				GCC_WARN_UNUSED_VARIABLE = YES;
				IPHONEOS_DEPLOYMENT_TARGET = 16.0;
				MTL_ENABLE_DEBUG_INFO = NO;
				MTL_FAST_MATH = YES;
				SDKROOT = iphoneos;
				SWIFT_COMPILATION_MODE = wholemodule;
				SWIFT_OPTIMIZATION_LEVEL = "-O";
				VALIDATE_PRODUCT = YES;
			};
			name = Release;
		};
		F56A625B293BEBC7009DB1CA /* Debug */ = {
			isa = XCBuildConfiguration;
			buildSettings = {
				ASSETCATALOG_COMPILER_APPICON_NAME = AppIcon;
				ASSETCATALOG_COMPILER_GLOBAL_ACCENT_COLOR_NAME = AccentColor;
				CODE_SIGN_STYLE = Automatic;
				CURRENT_PROJECT_VERSION = 1;
				DEVELOPMENT_ASSET_PATHS = "\"MovieFind/Preview Content\"";
				DEVELOPMENT_TEAM = 74D7ZGA35K;
				ENABLE_PREVIEWS = YES;
				GENERATE_INFOPLIST_FILE = YES;
				INFOPLIST_FILE = MovieFind/Info.plist;
				INFOPLIST_KEY_UIApplicationSceneManifest_Generation = YES;
				INFOPLIST_KEY_UIApplicationSupportsIndirectInputEvents = YES;
				INFOPLIST_KEY_UISupportedInterfaceOrientations_iPad = "UIInterfaceOrientationPortrait UIInterfaceOrientationPortraitUpsideDown UIInterfaceOrientationLandscapeLeft UIInterfaceOrientationLandscapeRight";
				INFOPLIST_KEY_UISupportedInterfaceOrientations_iPhone = "UIInterfaceOrientationPortrait UIInterfaceOrientationLandscapeLeft UIInterfaceOrientationLandscapeRight";
				IPHONEOS_DEPLOYMENT_TARGET = 16.0;
				LD_RUNPATH_SEARCH_PATHS = (
					"$(inherited)",
					"@executable_path/Frameworks",
				);
				MARKETING_VERSION = 1.0;
				PRODUCT_BUNDLE_IDENTIFIER = com.ruddy.MovieFind;
				PRODUCT_NAME = "$(TARGET_NAME)";
				SWIFT_EMIT_LOC_STRINGS = YES;
				SWIFT_VERSION = 5.0;
				TARGETED_DEVICE_FAMILY = "1,2";
			};
			name = Debug;
		};
		F56A625C293BEBC7009DB1CA /* Release */ = {
			isa = XCBuildConfiguration;
			buildSettings = {
				ASSETCATALOG_COMPILER_APPICON_NAME = AppIcon;
				ASSETCATALOG_COMPILER_GLOBAL_ACCENT_COLOR_NAME = AccentColor;
				CODE_SIGN_STYLE = Automatic;
				CURRENT_PROJECT_VERSION = 1;
				DEVELOPMENT_ASSET_PATHS = "\"MovieFind/Preview Content\"";
				DEVELOPMENT_TEAM = 74D7ZGA35K;
				ENABLE_PREVIEWS = YES;
				GENERATE_INFOPLIST_FILE = YES;
				INFOPLIST_FILE = MovieFind/Info.plist;
				INFOPLIST_KEY_UIApplicationSceneManifest_Generation = YES;
				INFOPLIST_KEY_UIApplicationSupportsIndirectInputEvents = YES;
				INFOPLIST_KEY_UISupportedInterfaceOrientations_iPad = "UIInterfaceOrientationPortrait UIInterfaceOrientationPortraitUpsideDown UIInterfaceOrientationLandscapeLeft UIInterfaceOrientationLandscapeRight";
				INFOPLIST_KEY_UISupportedInterfaceOrientations_iPhone = "UIInterfaceOrientationPortrait UIInterfaceOrientationLandscapeLeft UIInterfaceOrientationLandscapeRight";
				IPHONEOS_DEPLOYMENT_TARGET = 16.0;
				LD_RUNPATH_SEARCH_PATHS = (
					"$(inherited)",
					"@executable_path/Frameworks",
				);
				MARKETING_VERSION = 1.0;
				PRODUCT_BUNDLE_IDENTIFIER = com.ruddy.MovieFind;
				PRODUCT_NAME = "$(TARGET_NAME)";
				SWIFT_EMIT_LOC_STRINGS = YES;
				SWIFT_VERSION = 5.0;
				TARGETED_DEVICE_FAMILY = "1,2";
			};
			name = Release;
		};
/* End XCBuildConfiguration section */

/* Begin XCConfigurationList section */
		F56A6247293BEBC3009DB1CA /* Build configuration list for PBXProject "MovieFind" */ = {
			isa = XCConfigurationList;
			buildConfigurations = (
				F56A6258293BEBC7009DB1CA /* Debug */,
				F56A6259293BEBC7009DB1CA /* Release */,
			);
			defaultConfigurationIsVisible = 0;
			defaultConfigurationName = Release;
		};
		F56A625A293BEBC7009DB1CA /* Build configuration list for PBXNativeTarget "MovieFind" */ = {
			isa = XCConfigurationList;
			buildConfigurations = (
				F56A625B293BEBC7009DB1CA /* Debug */,
				F56A625C293BEBC7009DB1CA /* Release */,
			);
			defaultConfigurationIsVisible = 0;
			defaultConfigurationName = Release;
		};
/* End XCConfigurationList section */
	};
	rootObject = F56A6244293BEBC3009DB1CA /* Project object */;
}
